
Microsoft Visual Studio Solution File, Format Version 12.00
# Visual Studio Version 16
VisualStudioVersion = 16.0.29306.81
MinimumVisualStudioVersion = 10.0.40219.1
Project("{FAE04EC0-301F-11D3-BF4B-00C04F79EFBC}") = "zad3", "zad3\zad3.csproj", "{9D0CABC9-88CC-4896-82EA-E7E6FF979531}"
EndProject
Global
	GlobalSection(SolutionConfigurationPlatforms) = preSolution
		Debug|Any CPU = Debug|Any CPU
		Release|Any CPU = Release|Any CPU
	EndGlobalSection
	GlobalSection(ProjectConfigurationPlatforms) = postSolution
		{9D0CABC9-88CC-4896-82EA-E7E6FF979531}.Debug|Any CPU.ActiveCfg = Debug|Any CPU
		{9D0CABC9-88CC-4896-82EA-E7E6FF979531}.Debug|Any CPU.Build.0 = Debug|Any CPU
		{9D0CABC9-88CC-4896-82EA-E7E6FF979531}.Release|Any CPU.ActiveCfg = Release|Any CPU
		{9D0CABC9-88CC-4896-82EA-E7E6FF979531}.Release|Any CPU.Build.0 = Release|Any CPU
	EndGlobalSection
	GlobalSection(SolutionProperties) = preSolution
		HideSolutionNode = FALSE
	EndGlobalSection
	GlobalSection(ExtensibilityGlobals) = postSolution
		SolutionGuid = {C9579F1E-BFE9-407A-8DB5-C1CA1A5DB7A0}
	EndGlobalSection
EndGlobal
